{
  "name": "electron-react-boilerplate",
  "version": "1.0.0",
  "lockfileVersion": 1,
  "requires": true,
  "dependencies": {
    "redux-saga": {
      "version": "0.16.0",
      "resolved": "https://registry.npmjs.org/redux-saga/-/redux-saga-0.16.0.tgz",
      "integrity": "sha1-CiMdsKFIkwHdmA9vL4jYztQY9yQ="
    }
  }
}
